
Microsoft Visual Studio Solution File, Format Version 12.00
# Visual Studio Version 17
VisualStudioVersion = 17.0.31903.59
MinimumVisualStudioVersion = 10.0.40219.1
Project("{FAE04EC0-301F-11D3-BF4B-00C04F79EFBC}") = "RieltBaza", "RieltBaza\RieltBaza.csproj", "{EFD9F9AC-05E8-436D-8A20-2918C8FCF5D4}"
EndProject
Global
	GlobalSection(SolutionConfigurationPlatforms) = preSolution
		Debug|Any CPU = Debug|Any CPU
		Release|Any CPU = Release|Any CPU
	EndGlobalSection
	GlobalSection(ProjectConfigurationPlatforms) = postSolution
		{EFD9F9AC-05E8-436D-8A20-2918C8FCF5D4}.Debug|Any CPU.ActiveCfg = Debug|Any CPU
		{EFD9F9AC-05E8-436D-8A20-2918C8FCF5D4}.Debug|Any CPU.Build.0 = Debug|Any CPU
		{EFD9F9AC-05E8-436D-8A20-2918C8FCF5D4}.Release|Any CPU.ActiveCfg = Release|Any CPU
		{EFD9F9AC-05E8-436D-8A20-2918C8FCF5D4}.Release|Any CPU.Build.0 = Release|Any CPU
	EndGlobalSection
	GlobalSection(SolutionProperties) = preSolution
		HideSolutionNode = FALSE
	EndGlobalSection
	GlobalSection(ExtensibilityGlobals) = postSolution
		SolutionGuid = {F5BE51F7-F1C2-4AEE-A5C7-714F309F15BB}
	EndGlobalSection
EndGlobal
